
Microsoft Visual Studio Solution File, Format Version 12.00
# Visual Studio 14
VisualStudioVersion = 14.0.25420.1
MinimumVisualStudioVersion = 10.0.40219.1
Project("{FAE04EC0-301F-11D3-BF4B-00C04F79EFBC}") = "Xamarin.Helpers.Droid", "Xamarin.Helpers\Xamarin.Helpers.Droid\Xamarin.Helpers.Droid.csproj", "{20AD1CA8-CCB0-4437-BA1F-43DE6A53E3AE}"
EndProject
Project("{FAE04EC0-301F-11D3-BF4B-00C04F79EFBC}") = "Xamarin.Helpers.iOS", "Xamarin.Helpers\Xamarin.Helpers.iOS\Xamarin.Helpers.iOS.csproj", "{28F5BC4F-A2E2-4D9E-A6BD-18932B0B8016}"
EndProject
Project("{FAE04EC0-301F-11D3-BF4B-00C04F79EFBC}") = "Xamarin.Helpers.WinPhone", "Xamarin.Helpers\Xamarin.Helpers.WinPhone\Xamarin.Helpers.WinPhone.csproj", "{4A7F2B5F-C753-4326-B64E-8B7BD825B6CB}"
EndProject
Project("{FAE04EC0-301F-11D3-BF4B-00C04F79EFBC}") = "Xamarin.Helpers", "Xamarin.Helpers\Xamarin.Helpers\Xamarin.Helpers.csproj", "{D8618DEA-EE8F-4B37-A78F-3E6C878E8D61}"
EndProject
Global
	GlobalSection(SolutionConfigurationPlatforms) = preSolution
		Ad-Hoc|Any CPU = Ad-Hoc|Any CPU
		Ad-Hoc|ARM = Ad-Hoc|ARM
		Ad-Hoc|iPhone = Ad-Hoc|iPhone
		Ad-Hoc|iPhoneSimulator = Ad-Hoc|iPhoneSimulator
		Ad-Hoc|x64 = Ad-Hoc|x64
		Ad-Hoc|x86 = Ad-Hoc|x86
		AppStore|Any CPU = AppStore|Any CPU
		AppStore|ARM = AppStore|ARM
		AppStore|iPhone = AppStore|iPhone
		AppStore|iPhoneSimulator = AppStore|iPhoneSimulator
		AppStore|x64 = AppStore|x64
		AppStore|x86 = AppStore|x86
		Debug|Any CPU = Debug|Any CPU
		Debug|ARM = Debug|ARM
		Debug|iPhone = Debug|iPhone
		Debug|iPhoneSimulator = Debug|iPhoneSimulator
		Debug|x64 = Debug|x64
		Debug|x86 = Debug|x86
		Release|Any CPU = Release|Any CPU
		Release|ARM = Release|ARM
		Release|iPhone = Release|iPhone
		Release|iPhoneSimulator = Release|iPhoneSimulator
		Release|x64 = Release|x64
		Release|x86 = Release|x86
	EndGlobalSection
	GlobalSection(ProjectConfigurationPlatforms) = postSolution
		{20AD1CA8-CCB0-4437-BA1F-43DE6A53E3AE}.Ad-Hoc|Any CPU.ActiveCfg = Release|Any CPU
		{20AD1CA8-CCB0-4437-BA1F-43DE6A53E3AE}.Ad-Hoc|Any CPU.Build.0 = Release|Any CPU
		{20AD1CA8-CCB0-4437-BA1F-43DE6A53E3AE}.Ad-Hoc|Any CPU.Deploy.0 = Release|Any CPU
		{20AD1CA8-CCB0-4437-BA1F-43DE6A53E3AE}.Ad-Hoc|ARM.ActiveCfg = Release|Any CPU
		{20AD1CA8-CCB0-4437-BA1F-43DE6A53E3AE}.Ad-Hoc|ARM.Build.0 = Release|Any CPU
		{20AD1CA8-CCB0-4437-BA1F-43DE6A53E3AE}.Ad-Hoc|ARM.Deploy.0 = Release|Any CPU
		{20AD1CA8-CCB0-4437-BA1F-43DE6A53E3AE}.Ad-Hoc|iPhone.ActiveCfg = Release|Any CPU
		{20AD1CA8-CCB0-4437-BA1F-43DE6A53E3AE}.Ad-Hoc|iPhone.Build.0 = Release|Any CPU
		{20AD1CA8-CCB0-4437-BA1F-43DE6A53E3AE}.Ad-Hoc|iPhone.Deploy.0 = Release|Any CPU
		{20AD1CA8-CCB0-4437-BA1F-43DE6A53E3AE}.Ad-Hoc|iPhoneSimulator.ActiveCfg = Release|Any CPU
		{20AD1CA8-CCB0-4437-BA1F-43DE6A53E3AE}.Ad-Hoc|iPhoneSimulator.Build.0 = Release|Any CPU
		{20AD1CA8-CCB0-4437-BA1F-43DE6A53E3AE}.Ad-Hoc|iPhoneSimulator.Deploy.0 = Release|Any CPU
		{20AD1CA8-CCB0-4437-BA1F-43DE6A53E3AE}.Ad-Hoc|x64.ActiveCfg = Release|Any CPU
		{20AD1CA8-CCB0-4437-BA1F-43DE6A53E3AE}.Ad-Hoc|x64.Build.0 = Release|Any CPU
		{20AD1CA8-CCB0-4437-BA1F-43DE6A53E3AE}.Ad-Hoc|x64.Deploy.0 = Release|Any CPU
		{20AD1CA8-CCB0-4437-BA1F-43DE6A53E3AE}.Ad-Hoc|x86.ActiveCfg = Release|Any CPU
		{20AD1CA8-CCB0-4437-BA1F-43DE6A53E3AE}.Ad-Hoc|x86.Build.0 = Release|Any CPU
		{20AD1CA8-CCB0-4437-BA1F-43DE6A53E3AE}.Ad-Hoc|x86.Deploy.0 = Release|Any CPU
		{20AD1CA8-CCB0-4437-BA1F-43DE6A53E3AE}.AppStore|Any CPU.ActiveCfg = Release|Any CPU
		{20AD1CA8-CCB0-4437-BA1F-43DE6A53E3AE}.AppStore|Any CPU.Build.0 = Release|Any CPU
		{20AD1CA8-CCB0-4437-BA1F-43DE6A53E3AE}.AppStore|Any CPU.Deploy.0 = Release|Any CPU
		{20AD1CA8-CCB0-4437-BA1F-43DE6A53E3AE}.AppStore|ARM.ActiveCfg = Release|Any CPU
		{20AD1CA8-CCB0-4437-BA1F-43DE6A53E3AE}.AppStore|ARM.Build.0 = Release|Any CPU
		{20AD1CA8-CCB0-4437-BA1F-43DE6A53E3AE}.AppStore|ARM.Deploy.0 = Release|Any CPU
		{20AD1CA8-CCB0-4437-BA1F-43DE6A53E3AE}.AppStore|iPhone.ActiveCfg = Release|Any CPU
		{20AD1CA8-CCB0-4437-BA1F-43DE6A53E3AE}.AppStore|iPhone.Build.0 = Release|Any CPU
		{20AD1CA8-CCB0-4437-BA1F-43DE6A53E3AE}.AppStore|iPhone.Deploy.0 = Release|Any CPU
		{20AD1CA8-CCB0-4437-BA1F-43DE6A53E3AE}.AppStore|iPhoneSimulator.ActiveCfg = Release|Any CPU
		{20AD1CA8-CCB0-4437-BA1F-43DE6A53E3AE}.AppStore|iPhoneSimulator.Build.0 = Release|Any CPU
		{20AD1CA8-CCB0-4437-BA1F-43DE6A53E3AE}.AppStore|iPhoneSimulator.Deploy.0 = Release|Any CPU
		{20AD1CA8-CCB0-4437-BA1F-43DE6A53E3AE}.AppStore|x64.ActiveCfg = Release|Any CPU
		{20AD1CA8-CCB0-4437-BA1F-43DE6A53E3AE}.AppStore|x64.Build.0 = Release|Any CPU
		{20AD1CA8-CCB0-4437-BA1F-43DE6A53E3AE}.AppStore|x64.Deploy.0 = Release|Any CPU
		{20AD1CA8-CCB0-4437-BA1F-43DE6A53E3AE}.AppStore|x86.ActiveCfg = Release|Any CPU
		{20AD1CA8-CCB0-4437-BA1F-43DE6A53E3AE}.AppStore|x86.Build.0 = Release|Any CPU
		{20AD1CA8-CCB0-4437-BA1F-43DE6A53E3AE}.AppStore|x86.Deploy.0 = Release|Any CPU
		{20AD1CA8-CCB0-4437-BA1F-43DE6A53E3AE}.Debug|Any CPU.ActiveCfg = Debug|Any CPU
		{20AD1CA8-CCB0-4437-BA1F-43DE6A53E3AE}.Debug|Any CPU.Build.0 = Debug|Any CPU
		{20AD1CA8-CCB0-4437-BA1F-43DE6A53E3AE}.Debug|Any CPU.Deploy.0 = Debug|Any CPU
		{20AD1CA8-CCB0-4437-BA1F-43DE6A53E3AE}.Debug|ARM.ActiveCfg = Debug|Any CPU
		{20AD1CA8-CCB0-4437-BA1F-43DE6A53E3AE}.Debug|ARM.Build.0 = Debug|Any CPU
		{20AD1CA8-CCB0-4437-BA1F-43DE6A53E3AE}.Debug|ARM.Deploy.0 = Debug|Any CPU
		{20AD1CA8-CCB0-4437-BA1F-43DE6A53E3AE}.Debug|iPhone.ActiveCfg = Debug|Any CPU
		{20AD1CA8-CCB0-4437-BA1F-43DE6A53E3AE}.Debug|iPhone.Build.0 = Debug|Any CPU
		{20AD1CA8-CCB0-4437-BA1F-43DE6A53E3AE}.Debug|iPhone.Deploy.0 = Debug|Any CPU
		{20AD1CA8-CCB0-4437-BA1F-43DE6A53E3AE}.Debug|iPhoneSimulator.ActiveCfg = Debug|Any CPU
		{20AD1CA8-CCB0-4437-BA1F-43DE6A53E3AE}.Debug|iPhoneSimulator.Build.0 = Debug|Any CPU
		{20AD1CA8-CCB0-4437-BA1F-43DE6A53E3AE}.Debug|iPhoneSimulator.Deploy.0 = Debug|Any CPU
		{20AD1CA8-CCB0-4437-BA1F-43DE6A53E3AE}.Debug|x64.ActiveCfg = Debug|Any CPU
		{20AD1CA8-CCB0-4437-BA1F-43DE6A53E3AE}.Debug|x64.Build.0 = Debug|Any CPU
		{20AD1CA8-CCB0-4437-BA1F-43DE6A53E3AE}.Debug|x64.Deploy.0 = Debug|Any CPU
		{20AD1CA8-CCB0-4437-BA1F-43DE6A53E3AE}.Debug|x86.ActiveCfg = Debug|Any CPU
		{20AD1CA8-CCB0-4437-BA1F-43DE6A53E3AE}.Debug|x86.Build.0 = Debug|Any CPU
		{20AD1CA8-CCB0-4437-BA1F-43DE6A53E3AE}.Debug|x86.Deploy.0 = Debug|Any CPU
		{20AD1CA8-CCB0-4437-BA1F-43DE6A53E3AE}.Release|Any CPU.ActiveCfg = Release|Any CPU
		{20AD1CA8-CCB0-4437-BA1F-43DE6A53E3AE}.Release|Any CPU.Build.0 = Release|Any CPU
		{20AD1CA8-CCB0-4437-BA1F-43DE6A53E3AE}.Release|Any CPU.Deploy.0 = Release|Any CPU
		{20AD1CA8-CCB0-4437-BA1F-43DE6A53E3AE}.Release|ARM.ActiveCfg = Release|Any CPU
		{20AD1CA8-CCB0-4437-BA1F-43DE6A53E3AE}.Release|ARM.Build.0 = Release|Any CPU
		{20AD1CA8-CCB0-4437-BA1F-43DE6A53E3AE}.Release|ARM.Deploy.0 = Release|Any CPU
		{20AD1CA8-CCB0-4437-BA1F-43DE6A53E3AE}.Release|iPhone.ActiveCfg = Release|Any CPU
		{20AD1CA8-CCB0-4437-BA1F-43DE6A53E3AE}.Release|iPhone.Build.0 = Release|Any CPU
		{20AD1CA8-CCB0-4437-BA1F-43DE6A53E3AE}.Release|iPhone.Deploy.0 = Release|Any CPU
		{20AD1CA8-CCB0-4437-BA1F-43DE6A53E3AE}.Release|iPhoneSimulator.ActiveCfg = Release|Any CPU
		{20AD1CA8-CCB0-4437-BA1F-43DE6A53E3AE}.Release|iPhoneSimulator.Build.0 = Release|Any CPU
		{20AD1CA8-CCB0-4437-BA1F-43DE6A53E3AE}.Release|iPhoneSimulator.Deploy.0 = Release|Any CPU
		{20AD1CA8-CCB0-4437-BA1F-43DE6A53E3AE}.Release|x64.ActiveCfg = Release|Any CPU
		{20AD1CA8-CCB0-4437-BA1F-43DE6A53E3AE}.Release|x64.Build.0 = Release|Any CPU
		{20AD1CA8-CCB0-4437-BA1F-43DE6A53E3AE}.Release|x64.Deploy.0 = Release|Any CPU
		{20AD1CA8-CCB0-4437-BA1F-43DE6A53E3AE}.Release|x86.ActiveCfg = Release|Any CPU
		{20AD1CA8-CCB0-4437-BA1F-43DE6A53E3AE}.Release|x86.Build.0 = Release|Any CPU
		{20AD1CA8-CCB0-4437-BA1F-43DE6A53E3AE}.Release|x86.Deploy.0 = Release|Any CPU
		{28F5BC4F-A2E2-4D9E-A6BD-18932B0B8016}.Ad-Hoc|Any CPU.ActiveCfg = Ad-Hoc|iPhone
		{28F5BC4F-A2E2-4D9E-A6BD-18932B0B8016}.Ad-Hoc|ARM.ActiveCfg = Ad-Hoc|iPhone
		{28F5BC4F-A2E2-4D9E-A6BD-18932B0B8016}.Ad-Hoc|iPhone.ActiveCfg = Ad-Hoc|iPhone
		{28F5BC4F-A2E2-4D9E-A6BD-18932B0B8016}.Ad-Hoc|iPhone.Build.0 = Ad-Hoc|iPhone
		{28F5BC4F-A2E2-4D9E-A6BD-18932B0B8016}.Ad-Hoc|iPhoneSimulator.ActiveCfg = Ad-Hoc|iPhoneSimulator
		{28F5BC4F-A2E2-4D9E-A6BD-18932B0B8016}.Ad-Hoc|iPhoneSimulator.Build.0 = Ad-Hoc|iPhoneSimulator
		{28F5BC4F-A2E2-4D9E-A6BD-18932B0B8016}.Ad-Hoc|x64.ActiveCfg = Ad-Hoc|iPhone
		{28F5BC4F-A2E2-4D9E-A6BD-18932B0B8016}.Ad-Hoc|x86.ActiveCfg = Ad-Hoc|iPhone
		{28F5BC4F-A2E2-4D9E-A6BD-18932B0B8016}.AppStore|Any CPU.ActiveCfg = AppStore|iPhone
		{28F5BC4F-A2E2-4D9E-A6BD-18932B0B8016}.AppStore|ARM.ActiveCfg = AppStore|iPhone
		{28F5BC4F-A2E2-4D9E-A6BD-18932B0B8016}.AppStore|iPhone.ActiveCfg = AppStore|iPhone
		{28F5BC4F-A2E2-4D9E-A6BD-18932B0B8016}.AppStore|iPhone.Build.0 = AppStore|iPhone
		{28F5BC4F-A2E2-4D9E-A6BD-18932B0B8016}.AppStore|iPhoneSimulator.ActiveCfg = AppStore|iPhoneSimulator
		{28F5BC4F-A2E2-4D9E-A6BD-18932B0B8016}.AppStore|iPhoneSimulator.Build.0 = AppStore|iPhoneSimulator
		{28F5BC4F-A2E2-4D9E-A6BD-18932B0B8016}.AppStore|x64.ActiveCfg = AppStore|iPhone
		{28F5BC4F-A2E2-4D9E-A6BD-18932B0B8016}.AppStore|x86.ActiveCfg = AppStore|iPhone
		{28F5BC4F-A2E2-4D9E-A6BD-18932B0B8016}.Debug|Any CPU.ActiveCfg = Debug|iPhone
		{28F5BC4F-A2E2-4D9E-A6BD-18932B0B8016}.Debug|ARM.ActiveCfg = Debug|iPhone
		{28F5BC4F-A2E2-4D9E-A6BD-18932B0B8016}.Debug|iPhone.ActiveCfg = Debug|iPhone
		{28F5BC4F-A2E2-4D9E-A6BD-18932B0B8016}.Debug|iPhone.Build.0 = Debug|iPhone
		{28F5BC4F-A2E2-4D9E-A6BD-18932B0B8016}.Debug|iPhoneSimulator.ActiveCfg = Debug|iPhoneSimulator
		{28F5BC4F-A2E2-4D9E-A6BD-18932B0B8016}.Debug|iPhoneSimulator.Build.0 = Debug|iPhoneSimulator
		{28F5BC4F-A2E2-4D9E-A6BD-18932B0B8016}.Debug|x64.ActiveCfg = Debug|iPhone
		{28F5BC4F-A2E2-4D9E-A6BD-18932B0B8016}.Debug|x86.ActiveCfg = Debug|iPhone
		{28F5BC4F-A2E2-4D9E-A6BD-18932B0B8016}.Release|Any CPU.ActiveCfg = Release|iPhone
		{28F5BC4F-A2E2-4D9E-A6BD-18932B0B8016}.Release|ARM.ActiveCfg = Release|iPhone
		{28F5BC4F-A2E2-4D9E-A6BD-18932B0B8016}.Release|iPhone.ActiveCfg = Release|iPhone
		{28F5BC4F-A2E2-4D9E-A6BD-18932B0B8016}.Release|iPhone.Build.0 = Release|iPhone
		{28F5BC4F-A2E2-4D9E-A6BD-18932B0B8016}.Release|iPhoneSimulator.ActiveCfg = Release|iPhoneSimulator
		{28F5BC4F-A2E2-4D9E-A6BD-18932B0B8016}.Release|iPhoneSimulator.Build.0 = Release|iPhoneSimulator
		{28F5BC4F-A2E2-4D9E-A6BD-18932B0B8016}.Release|x64.ActiveCfg = Release|iPhone
		{28F5BC4F-A2E2-4D9E-A6BD-18932B0B8016}.Release|x86.ActiveCfg = Release|iPhone
		{4A7F2B5F-C753-4326-B64E-8B7BD825B6CB}.Ad-Hoc|Any CPU.ActiveCfg = Release|Any CPU
		{4A7F2B5F-C753-4326-B64E-8B7BD825B6CB}.Ad-Hoc|Any CPU.Build.0 = Release|Any CPU
		{4A7F2B5F-C753-4326-B64E-8B7BD825B6CB}.Ad-Hoc|Any CPU.Deploy.0 = Release|Any CPU
		{4A7F2B5F-C753-4326-B64E-8B7BD825B6CB}.Ad-Hoc|ARM.ActiveCfg = Release|ARM
		{4A7F2B5F-C753-4326-B64E-8B7BD825B6CB}.Ad-Hoc|ARM.Build.0 = Release|ARM
		{4A7F2B5F-C753-4326-B64E-8B7BD825B6CB}.Ad-Hoc|ARM.Deploy.0 = Release|ARM
		{4A7F2B5F-C753-4326-B64E-8B7BD825B6CB}.Ad-Hoc|iPhone.ActiveCfg = Release|Any CPU
		{4A7F2B5F-C753-4326-B64E-8B7BD825B6CB}.Ad-Hoc|iPhone.Build.0 = Release|Any CPU
		{4A7F2B5F-C753-4326-B64E-8B7BD825B6CB}.Ad-Hoc|iPhone.Deploy.0 = Release|Any CPU
		{4A7F2B5F-C753-4326-B64E-8B7BD825B6CB}.Ad-Hoc|iPhoneSimulator.ActiveCfg = Release|Any CPU
		{4A7F2B5F-C753-4326-B64E-8B7BD825B6CB}.Ad-Hoc|iPhoneSimulator.Build.0 = Release|Any CPU
		{4A7F2B5F-C753-4326-B64E-8B7BD825B6CB}.Ad-Hoc|iPhoneSimulator.Deploy.0 = Release|Any CPU
		{4A7F2B5F-C753-4326-B64E-8B7BD825B6CB}.Ad-Hoc|x64.ActiveCfg = Release|Any CPU
		{4A7F2B5F-C753-4326-B64E-8B7BD825B6CB}.Ad-Hoc|x64.Build.0 = Release|Any CPU
		{4A7F2B5F-C753-4326-B64E-8B7BD825B6CB}.Ad-Hoc|x64.Deploy.0 = Release|Any CPU
		{4A7F2B5F-C753-4326-B64E-8B7BD825B6CB}.Ad-Hoc|x86.ActiveCfg = Release|x86
		{4A7F2B5F-C753-4326-B64E-8B7BD825B6CB}.Ad-Hoc|x86.Build.0 = Release|x86
		{4A7F2B5F-C753-4326-B64E-8B7BD825B6CB}.Ad-Hoc|x86.Deploy.0 = Release|x86
		{4A7F2B5F-C753-4326-B64E-8B7BD825B6CB}.AppStore|Any CPU.ActiveCfg = Release|Any CPU
		{4A7F2B5F-C753-4326-B64E-8B7BD825B6CB}.AppStore|Any CPU.Build.0 = Release|Any CPU
		{4A7F2B5F-C753-4326-B64E-8B7BD825B6CB}.AppStore|Any CPU.Deploy.0 = Release|Any CPU
		{4A7F2B5F-C753-4326-B64E-8B7BD825B6CB}.AppStore|ARM.ActiveCfg = Release|ARM
		{4A7F2B5F-C753-4326-B64E-8B7BD825B6CB}.AppStore|ARM.Build.0 = Release|ARM
		{4A7F2B5F-C753-4326-B64E-8B7BD825B6CB}.AppStore|ARM.Deploy.0 = Release|ARM
		{4A7F2B5F-C753-4326-B64E-8B7BD825B6CB}.AppStore|iPhone.ActiveCfg = Release|Any CPU
		{4A7F2B5F-C753-4326-B64E-8B7BD825B6CB}.AppStore|iPhone.Build.0 = Release|Any CPU
		{4A7F2B5F-C753-4326-B64E-8B7BD825B6CB}.AppStore|iPhone.Deploy.0 = Release|Any CPU
		{4A7F2B5F-C753-4326-B64E-8B7BD825B6CB}.AppStore|iPhoneSimulator.ActiveCfg = Release|Any CPU
		{4A7F2B5F-C753-4326-B64E-8B7BD825B6CB}.AppStore|iPhoneSimulator.Build.0 = Release|Any CPU
		{4A7F2B5F-C753-4326-B64E-8B7BD825B6CB}.AppStore|iPhoneSimulator.Deploy.0 = Release|Any CPU
		{4A7F2B5F-C753-4326-B64E-8B7BD825B6CB}.AppStore|x64.ActiveCfg = Release|Any CPU
		{4A7F2B5F-C753-4326-B64E-8B7BD825B6CB}.AppStore|x64.Build.0 = Release|Any CPU
		{4A7F2B5F-C753-4326-B64E-8B7BD825B6CB}.AppStore|x64.Deploy.0 = Release|Any CPU
		{4A7F2B5F-C753-4326-B64E-8B7BD825B6CB}.AppStore|x86.ActiveCfg = Release|x86
		{4A7F2B5F-C753-4326-B64E-8B7BD825B6CB}.AppStore|x86.Build.0 = Release|x86
		{4A7F2B5F-C753-4326-B64E-8B7BD825B6CB}.AppStore|x86.Deploy.0 = Release|x86
		{4A7F2B5F-C753-4326-B64E-8B7BD825B6CB}.Debug|Any CPU.ActiveCfg = Debug|Any CPU
		{4A7F2B5F-C753-4326-B64E-8B7BD825B6CB}.Debug|Any CPU.Build.0 = Debug|Any CPU
		{4A7F2B5F-C753-4326-B64E-8B7BD825B6CB}.Debug|Any CPU.Deploy.0 = Debug|Any CPU
		{4A7F2B5F-C753-4326-B64E-8B7BD825B6CB}.Debug|ARM.ActiveCfg = Debug|ARM
		{4A7F2B5F-C753-4326-B64E-8B7BD825B6CB}.Debug|ARM.Build.0 = Debug|ARM
		{4A7F2B5F-C753-4326-B64E-8B7BD825B6CB}.Debug|ARM.Deploy.0 = Debug|ARM
		{4A7F2B5F-C753-4326-B64E-8B7BD825B6CB}.Debug|iPhone.ActiveCfg = Debug|Any CPU
		{4A7F2B5F-C753-4326-B64E-8B7BD825B6CB}.Debug|iPhone.Build.0 = Debug|Any CPU
		{4A7F2B5F-C753-4326-B64E-8B7BD825B6CB}.Debug|iPhone.Deploy.0 = Debug|Any CPU
		{4A7F2B5F-C753-4326-B64E-8B7BD825B6CB}.Debug|iPhoneSimulator.ActiveCfg = Debug|Any CPU
		{4A7F2B5F-C753-4326-B64E-8B7BD825B6CB}.Debug|iPhoneSimulator.Build.0 = Debug|Any CPU
		{4A7F2B5F-C753-4326-B64E-8B7BD825B6CB}.Debug|iPhoneSimulator.Deploy.0 = Debug|Any CPU
		{4A7F2B5F-C753-4326-B64E-8B7BD825B6CB}.Debug|x64.ActiveCfg = Debug|Any CPU
		{4A7F2B5F-C753-4326-B64E-8B7BD825B6CB}.Debug|x64.Build.0 = Debug|Any CPU
		{4A7F2B5F-C753-4326-B64E-8B7BD825B6CB}.Debug|x64.Deploy.0 = Debug|Any CPU
		{4A7F2B5F-C753-4326-B64E-8B7BD825B6CB}.Debug|x86.ActiveCfg = Debug|x86
		{4A7F2B5F-C753-4326-B64E-8B7BD825B6CB}.Debug|x86.Build.0 = Debug|x86
		{4A7F2B5F-C753-4326-B64E-8B7BD825B6CB}.Debug|x86.Deploy.0 = Debug|x86
		{4A7F2B5F-C753-4326-B64E-8B7BD825B6CB}.Release|Any CPU.ActiveCfg = Release|Any CPU
		{4A7F2B5F-C753-4326-B64E-8B7BD825B6CB}.Release|Any CPU.Build.0 = Release|Any CPU
		{4A7F2B5F-C753-4326-B64E-8B7BD825B6CB}.Release|Any CPU.Deploy.0 = Release|Any CPU
		{4A7F2B5F-C753-4326-B64E-8B7BD825B6CB}.Release|ARM.ActiveCfg = Release|ARM
		{4A7F2B5F-C753-4326-B64E-8B7BD825B6CB}.Release|ARM.Build.0 = Release|ARM
		{4A7F2B5F-C753-4326-B64E-8B7BD825B6CB}.Release|ARM.Deploy.0 = Release|ARM
		{4A7F2B5F-C753-4326-B64E-8B7BD825B6CB}.Release|iPhone.ActiveCfg = Release|Any CPU
		{4A7F2B5F-C753-4326-B64E-8B7BD825B6CB}.Release|iPhone.Build.0 = Release|Any CPU
		{4A7F2B5F-C753-4326-B64E-8B7BD825B6CB}.Release|iPhone.Deploy.0 = Release|Any CPU
		{4A7F2B5F-C753-4326-B64E-8B7BD825B6CB}.Release|iPhoneSimulator.ActiveCfg = Release|Any CPU
		{4A7F2B5F-C753-4326-B64E-8B7BD825B6CB}.Release|iPhoneSimulator.Build.0 = Release|Any CPU
		{4A7F2B5F-C753-4326-B64E-8B7BD825B6CB}.Release|iPhoneSimulator.Deploy.0 = Release|Any CPU
		{4A7F2B5F-C753-4326-B64E-8B7BD825B6CB}.Release|x64.ActiveCfg = Release|Any CPU
		{4A7F2B5F-C753-4326-B64E-8B7BD825B6CB}.Release|x64.Build.0 = Release|Any CPU
		{4A7F2B5F-C753-4326-B64E-8B7BD825B6CB}.Release|x64.Deploy.0 = Release|Any CPU
		{4A7F2B5F-C753-4326-B64E-8B7BD825B6CB}.Release|x86.ActiveCfg = Release|x86
		{4A7F2B5F-C753-4326-B64E-8B7BD825B6CB}.Release|x86.Build.0 = Release|x86
		{4A7F2B5F-C753-4326-B64E-8B7BD825B6CB}.Release|x86.Deploy.0 = Release|x86
		{D8618DEA-EE8F-4B37-A78F-3E6C878E8D61}.Ad-Hoc|Any CPU.ActiveCfg = Release|Any CPU
		{D8618DEA-EE8F-4B37-A78F-3E6C878E8D61}.Ad-Hoc|Any CPU.Build.0 = Release|Any CPU
		{D8618DEA-EE8F-4B37-A78F-3E6C878E8D61}.Ad-Hoc|ARM.ActiveCfg = Release|Any CPU
		{D8618DEA-EE8F-4B37-A78F-3E6C878E8D61}.Ad-Hoc|ARM.Build.0 = Release|Any CPU
		{D8618DEA-EE8F-4B37-A78F-3E6C878E8D61}.Ad-Hoc|iPhone.ActiveCfg = Release|Any CPU
		{D8618DEA-EE8F-4B37-A78F-3E6C878E8D61}.Ad-Hoc|iPhone.Build.0 = Release|Any CPU
		{D8618DEA-EE8F-4B37-A78F-3E6C878E8D61}.Ad-Hoc|iPhoneSimulator.ActiveCfg = Release|Any CPU
		{D8618DEA-EE8F-4B37-A78F-3E6C878E8D61}.Ad-Hoc|iPhoneSimulator.Build.0 = Release|Any CPU
		{D8618DEA-EE8F-4B37-A78F-3E6C878E8D61}.Ad-Hoc|x64.ActiveCfg = Release|Any CPU
		{D8618DEA-EE8F-4B37-A78F-3E6C878E8D61}.Ad-Hoc|x64.Build.0 = Release|Any CPU
		{D8618DEA-EE8F-4B37-A78F-3E6C878E8D61}.Ad-Hoc|x86.ActiveCfg = Release|Any CPU
		{D8618DEA-EE8F-4B37-A78F-3E6C878E8D61}.Ad-Hoc|x86.Build.0 = Release|Any CPU
		{D8618DEA-EE8F-4B37-A78F-3E6C878E8D61}.AppStore|Any CPU.ActiveCfg = Release|Any CPU
		{D8618DEA-EE8F-4B37-A78F-3E6C878E8D61}.AppStore|Any CPU.Build.0 = Release|Any CPU
		{D8618DEA-EE8F-4B37-A78F-3E6C878E8D61}.AppStore|ARM.ActiveCfg = Release|Any CPU
		{D8618DEA-EE8F-4B37-A78F-3E6C878E8D61}.AppStore|ARM.Build.0 = Release|Any CPU
		{D8618DEA-EE8F-4B37-A78F-3E6C878E8D61}.AppStore|iPhone.ActiveCfg = Release|Any CPU
		{D8618DEA-EE8F-4B37-A78F-3E6C878E8D61}.AppStore|iPhone.Build.0 = Release|Any CPU
		{D8618DEA-EE8F-4B37-A78F-3E6C878E8D61}.AppStore|iPhoneSimulator.ActiveCfg = Release|Any CPU
		{D8618DEA-EE8F-4B37-A78F-3E6C878E8D61}.AppStore|iPhoneSimulator.Build.0 = Release|Any CPU
		{D8618DEA-EE8F-4B37-A78F-3E6C878E8D61}.AppStore|x64.ActiveCfg = Release|Any CPU
		{D8618DEA-EE8F-4B37-A78F-3E6C878E8D61}.AppStore|x64.Build.0 = Release|Any CPU
		{D8618DEA-EE8F-4B37-A78F-3E6C878E8D61}.AppStore|x86.ActiveCfg = Release|Any CPU
		{D8618DEA-EE8F-4B37-A78F-3E6C878E8D61}.AppStore|x86.Build.0 = Release|Any CPU
		{D8618DEA-EE8F-4B37-A78F-3E6C878E8D61}.Debug|Any CPU.ActiveCfg = Debug|Any CPU
		{D8618DEA-EE8F-4B37-A78F-3E6C878E8D61}.Debug|Any CPU.Build.0 = Debug|Any CPU
		{D8618DEA-EE8F-4B37-A78F-3E6C878E8D61}.Debug|ARM.ActiveCfg = Debug|Any CPU
		{D8618DEA-EE8F-4B37-A78F-3E6C878E8D61}.Debug|ARM.Build.0 = Debug|Any CPU
		{D8618DEA-EE8F-4B37-A78F-3E6C878E8D61}.Debug|iPhone.ActiveCfg = Debug|Any CPU
		{D8618DEA-EE8F-4B37-A78F-3E6C878E8D61}.Debug|iPhone.Build.0 = Debug|Any CPU
		{D8618DEA-EE8F-4B37-A78F-3E6C878E8D61}.Debug|iPhoneSimulator.ActiveCfg = Debug|Any CPU
		{D8618DEA-EE8F-4B37-A78F-3E6C878E8D61}.Debug|iPhoneSimulator.Build.0 = Debug|Any CPU
		{D8618DEA-EE8F-4B37-A78F-3E6C878E8D61}.Debug|x64.ActiveCfg = Debug|Any CPU
		{D8618DEA-EE8F-4B37-A78F-3E6C878E8D61}.Debug|x64.Build.0 = Debug|Any CPU
		{D8618DEA-EE8F-4B37-A78F-3E6C878E8D61}.Debug|x86.ActiveCfg = Debug|Any CPU
		{D8618DEA-EE8F-4B37-A78F-3E6C878E8D61}.Debug|x86.Build.0 = Debug|Any CPU
		{D8618DEA-EE8F-4B37-A78F-3E6C878E8D61}.Release|Any CPU.ActiveCfg = Release|Any CPU
		{D8618DEA-EE8F-4B37-A78F-3E6C878E8D61}.Release|Any CPU.Build.0 = Release|Any CPU
		{D8618DEA-EE8F-4B37-A78F-3E6C878E8D61}.Release|ARM.ActiveCfg = Release|Any CPU
		{D8618DEA-EE8F-4B37-A78F-3E6C878E8D61}.Release|ARM.Build.0 = Release|Any CPU
		{D8618DEA-EE8F-4B37-A78F-3E6C878E8D61}.Release|iPhone.ActiveCfg = Release|Any CPU
		{D8618DEA-EE8F-4B37-A78F-3E6C878E8D61}.Release|iPhone.Build.0 = Release|Any CPU
		{D8618DEA-EE8F-4B37-A78F-3E6C878E8D61}.Release|iPhoneSimulator.ActiveCfg = Release|Any CPU
		{D8618DEA-EE8F-4B37-A78F-3E6C878E8D61}.Release|iPhoneSimulator.Build.0 = Release|Any CPU
		{D8618DEA-EE8F-4B37-A78F-3E6C878E8D61}.Release|x64.ActiveCfg = Release|Any CPU
		{D8618DEA-EE8F-4B37-A78F-3E6C878E8D61}.Release|x64.Build.0 = Release|Any CPU
		{D8618DEA-EE8F-4B37-A78F-3E6C878E8D61}.Release|x86.ActiveCfg = Release|Any CPU
		{D8618DEA-EE8F-4B37-A78F-3E6C878E8D61}.Release|x86.Build.0 = Release|Any CPU
	EndGlobalSection
	GlobalSection(SolutionProperties) = preSolution
		HideSolutionNode = FALSE
	EndGlobalSection
EndGlobal
